{
  "task_id": "T-026",
  "owner": "trae",
  "claimed_at": "2026-08-16T17:00:00+08:00",
  "updated_at": "2026-08-16T18:30:00+08:00",
  "status": "review",
  "touched_paths": [
    "frontend/apps/web/",
    "frontend/packages/api-client/",
    "scripts/",
    "frontend/docs/HANDOFF.md",
    "TASKS.md",
    "package.json",
    "pnpm-lock.yaml",
    ".gitignore"
  ]
}
